
Microsoft Visual Studio Solution File, Format Version 12.00
# Visual Studio Version 17
VisualStudioVersion = 17.11.35327.3
MinimumVisualStudioVersion = 10.0.40219.1
Project("{9A19103F-16F7-4668-BE54-9A1E7A4F7556}") = "VoetbalProject.Startup", "VoetbalProject.Startup\VoetbalProject.Startup.csproj", "{C78337CD-2F68-44D7-8ADA-48442408F64D}"
EndProject
Project("{9A19103F-16F7-4668-BE54-9A1E7A4F7556}") = "VoetbalProject.Presentation", "VoetbalProject.Presentation\VoetbalProject.Presentation.csproj", "{0123989D-4C60-4042-AD43-EA6B0F2B1743}"
EndProject
Project("{9A19103F-16F7-4668-BE54-9A1E7A4F7556}") = "VoetbalProject.Domain", "VoetbalProject.Domain\VoetbalProject.Domain.csproj", "{9538606D-AEBB-44E3-839F-C8BFA46D4A6D}"
EndProject
Project("{9A19103F-16F7-4668-BE54-9A1E7A4F7556}") = "VoetbalProject.Persistence", "VoetbalProject.Persistence\VoetbalProject.Persistence.csproj", "{3C40953D-2DD1-418F-86C8-619DC1C64022}"
EndProject
Project("{FAE04EC0-301F-11D3-BF4B-00C04F79EFBC}") = "UnitTests", "UnitTests\UnitTests.csproj", "{457D4465-46CB-40E9-9537-E2F416D57ED7}"
EndProject
Global
	GlobalSection(SolutionConfigurationPlatforms) = preSolution
		Debug|Any CPU = Debug|Any CPU
		Release|Any CPU = Release|Any CPU
	EndGlobalSection
	GlobalSection(ProjectConfigurationPlatforms) = postSolution
		{C78337CD-2F68-44D7-8ADA-48442408F64D}.Debug|Any CPU.ActiveCfg = Debug|Any CPU
		{C78337CD-2F68-44D7-8ADA-48442408F64D}.Debug|Any CPU.Build.0 = Debug|Any CPU
		{C78337CD-2F68-44D7-8ADA-48442408F64D}.Release|Any CPU.ActiveCfg = Release|Any CPU
		{C78337CD-2F68-44D7-8ADA-48442408F64D}.Release|Any CPU.Build.0 = Release|Any CPU
		{0123989D-4C60-4042-AD43-EA6B0F2B1743}.Debug|Any CPU.ActiveCfg = Debug|Any CPU
		{0123989D-4C60-4042-AD43-EA6B0F2B1743}.Debug|Any CPU.Build.0 = Debug|Any CPU
		{0123989D-4C60-4042-AD43-EA6B0F2B1743}.Release|Any CPU.ActiveCfg = Release|Any CPU
		{0123989D-4C60-4042-AD43-EA6B0F2B1743}.Release|Any CPU.Build.0 = Release|Any CPU
		{9538606D-AEBB-44E3-839F-C8BFA46D4A6D}.Debug|Any CPU.ActiveCfg = Debug|Any CPU
		{9538606D-AEBB-44E3-839F-C8BFA46D4A6D}.Debug|Any CPU.Build.0 = Debug|Any CPU
		{9538606D-AEBB-44E3-839F-C8BFA46D4A6D}.Release|Any CPU.ActiveCfg = Release|Any CPU
		{9538606D-AEBB-44E3-839F-C8BFA46D4A6D}.Release|Any CPU.Build.0 = Release|Any CPU
		{3C40953D-2DD1-418F-86C8-619DC1C64022}.Debug|Any CPU.ActiveCfg = Debug|Any CPU
		{3C40953D-2DD1-418F-86C8-619DC1C64022}.Debug|Any CPU.Build.0 = Debug|Any CPU
		{3C40953D-2DD1-418F-86C8-619DC1C64022}.Release|Any CPU.ActiveCfg = Release|Any CPU
		{3C40953D-2DD1-418F-86C8-619DC1C64022}.Release|Any CPU.Build.0 = Release|Any CPU
		{457D4465-46CB-40E9-9537-E2F416D57ED7}.Debug|Any CPU.ActiveCfg = Debug|Any CPU
		{457D4465-46CB-40E9-9537-E2F416D57ED7}.Debug|Any CPU.Build.0 = Debug|Any CPU
		{457D4465-46CB-40E9-9537-E2F416D57ED7}.Release|Any CPU.ActiveCfg = Release|Any CPU
		{457D4465-46CB-40E9-9537-E2F416D57ED7}.Release|Any CPU.Build.0 = Release|Any CPU
	EndGlobalSection
	GlobalSection(SolutionProperties) = preSolution
		HideSolutionNode = FALSE
	EndGlobalSection
	GlobalSection(ExtensibilityGlobals) = postSolution
		SolutionGuid = {69AA6C87-BB3B-4C8F-BA76-68C393514E83}
	EndGlobalSection
EndGlobal
